// !$*UTF8*$!
{
	archiveVersion = 1;
	classes = {
	};
	objectVersion = 56;
	objects = {

/* Begin PBXBuildFile section */
		A7914E322B308F680001C303 /* SwiftUI100KnockApp.swift in Sources */ = {isa = PBXBuildFile; fileRef = A7914E312B308F680001C303 /* SwiftUI100KnockApp.swift */; };
		A7914E342B308F680001C303 /* ContentView1.swift in Sources */ = {isa = PBXBuildFile; fileRef = A7914E332B308F680001C303 /* ContentView1.swift */; };
		A7914E362B308F680001C303 /* Item.swift in Sources */ = {isa = PBXBuildFile; fileRef = A7914E352B308F680001C303 /* Item.swift */; };
		A7914E382B308F6F0001C303 /* Assets.xcassets in Resources */ = {isa = PBXBuildFile; fileRef = A7914E372B308F6F0001C303 /* Assets.xcassets */; };
		A7914E3C2B308F6F0001C303 /* Preview Assets.xcassets in Resources */ = {isa = PBXBuildFile; fileRef = A7914E3B2B308F6F0001C303 /* Preview Assets.xcassets */; };
		A7914E462B308F6F0001C303 /* SwiftUI100KnockTests.swift in Sources */ = {isa = PBXBuildFile; fileRef = A7914E452B308F6F0001C303 /* SwiftUI100KnockTests.swift */; };
		A7914E502B308F6F0001C303 /* SwiftUI100KnockUITests.swift in Sources */ = {isa = PBXBuildFile; fileRef = A7914E4F2B308F6F0001C303 /* SwiftUI100KnockUITests.swift */; };
		A7914E522B308F6F0001C303 /* SwiftUI100KnockUITestsLaunchTests.swift in Sources */ = {isa = PBXBuildFile; fileRef = A7914E512B308F6F0001C303 /* SwiftUI100KnockUITestsLaunchTests.swift */; };
		A7914E5F2B3478710001C303 /* ContentView2.swift in Sources */ = {isa = PBXBuildFile; fileRef = A7914E5E2B3478710001C303 /* ContentView2.swift */; };
		A7914E612B388FFA0001C303 /* ContentView3.swift in Sources */ = {isa = PBXBuildFile; fileRef = A7914E602B388FFA0001C303 /* ContentView3.swift */; };
		A7914E632B3890570001C303 /* ContentView4.swift in Sources */ = {isa = PBXBuildFile; fileRef = A7914E622B3890570001C303 /* ContentView4.swift */; };
		A7914E652B3F27610001C303 /* ContentView5.swift in Sources */ = {isa = PBXBuildFile; fileRef = A7914E642B3F27610001C303 /* ContentView5.swift */; };
		A7914E672B3F2AAF0001C303 /* ContentView6.swift in Sources */ = {isa = PBXBuildFile; fileRef = A7914E662B3F2AAF0001C303 /* ContentView6.swift */; };
		A7914E692B401F910001C303 /* ContentView7.swift in Sources */ = {isa = PBXBuildFile; fileRef = A7914E682B401F910001C303 /* ContentView7.swift */; };
		A7914E6B2B4021700001C303 /* ContentView8.swift in Sources */ = {isa = PBXBuildFile; fileRef = A7914E6A2B4021700001C303 /* ContentView8.swift */; };
		A7914E6D2B4022C00001C303 /* ContentView9.swift in Sources */ = {isa = PBXBuildFile; fileRef = A7914E6C2B4022C00001C303 /* ContentView9.swift */; };
		A7914E6F2B46E2440001C303 /* ContentView10.swift in Sources */ = {isa = PBXBuildFile; fileRef = A7914E6E2B46E2440001C303 /* ContentView10.swift */; };
		A7914E712B49838B0001C303 /* ContentView11.swift in Sources */ = {isa = PBXBuildFile; fileRef = A7914E702B49838B0001C303 /* ContentView11.swift */; };
		A7914E732B4984F10001C303 /* ContentView12.swift in Sources */ = {isa = PBXBuildFile; fileRef = A7914E722B4984F10001C303 /* ContentView12.swift */; };
		A7914E752B4A76B80001C303 /* ContentView13.swift in Sources */ = {isa = PBXBuildFile; fileRef = A7914E742B4A76B80001C303 /* ContentView13.swift */; };
		A7914E772B4A7BC80001C303 /* ContentView14.swift in Sources */ = {isa = PBXBuildFile; fileRef = A7914E762B4A7BC80001C303 /* ContentView14.swift */; };
		A7914E792B4BE12B0001C303 /* ContentView15.swift in Sources */ = {isa = PBXBuildFile; fileRef = A7914E782B4BE12B0001C303 /* ContentView15.swift */; };
		A7914E7B2B4BEED10001C303 /* ContentView16.swift in Sources */ = {isa = PBXBuildFile; fileRef = A7914E7A2B4BEED10001C303 /* ContentView16.swift */; };
		A7914E7D2B4EE2730001C303 /* ContentView18.swift in Sources */ = {isa = PBXBuildFile; fileRef = A7914E7C2B4EE2730001C303 /* ContentView18.swift */; };
		A7914E7F2B540B880001C303 /* ContentView19.swift in Sources */ = {isa = PBXBuildFile; fileRef = A7914E7E2B540B880001C303 /* ContentView19.swift */; };
		A7914E832B582DD90001C303 /* ContentView20.swift in Sources */ = {isa = PBXBuildFile; fileRef = A7914E822B582DD90001C303 /* ContentView20.swift */; };
		A7914E852B5981620001C303 /* ContentView21.swift in Sources */ = {isa = PBXBuildFile; fileRef = A7914E842B5981620001C303 /* ContentView21.swift */; };
		A7914E872B5EBE3A0001C303 /* ContentView22.swift in Sources */ = {isa = PBXBuildFile; fileRef = A7914E862B5EBE3A0001C303 /* ContentView22.swift */; };
		A7C785A62B7662B900C8F52C /* ContentView23.swift in Sources */ = {isa = PBXBuildFile; fileRef = A7C785A52B7662B900C8F52C /* ContentView23.swift */; };
		A7C785A82B775DA500C8F52C /* ContentView24.swift in Sources */ = {isa = PBXBuildFile; fileRef = A7C785A72B775DA500C8F52C /* ContentView24.swift */; };
		A7C785AA2B77936B00C8F52C /* ContentView25.swift in Sources */ = {isa = PBXBuildFile; fileRef = A7C785A92B77936B00C8F52C /* ContentView25.swift */; };
		A7C785AC2B7907E300C8F52C /* ContentView26.swift in Sources */ = {isa = PBXBuildFile; fileRef = A7C785AB2B7907E300C8F52C /* ContentView26.swift */; };
		A7C785AE2B878FFF00C8F52C /* ContentView27.swift in Sources */ = {isa = PBXBuildFile; fileRef = A7C785AD2B878FFF00C8F52C /* ContentView27.swift */; };
		A7C785B02B8790A900C8F52C /* ContentView27Next.swift in Sources */ = {isa = PBXBuildFile; fileRef = A7C785AF2B8790A900C8F52C /* ContentView27Next.swift */; };
		A7C785B22B8B4CA400C8F52C /* ContentView28.swift in Sources */ = {isa = PBXBuildFile; fileRef = A7C785B12B8B4CA400C8F52C /* ContentView28.swift */; };
		A7C785B42B94CB7B00C8F52C /* ContentView29.swift in Sources */ = {isa = PBXBuildFile; fileRef = A7C785B32B94CB7B00C8F52C /* ContentView29.swift */; };
/* End PBXBuildFile section */

/* Begin PBXContainerItemProxy section */
		A7914E422B308F6F0001C303 /* PBXContainerItemProxy */ = {
			isa = PBXContainerItemProxy;
			containerPortal = A7914E262B308F680001C303 /* Project object */;
			proxyType = 1;
			remoteGlobalIDString = A7914E2D2B308F680001C303;
			remoteInfo = SwiftUI100Knock;
		};
		A7914E4C2B308F6F0001C303 /* PBXContainerItemProxy */ = {
			isa = PBXContainerItemProxy;
			containerPortal = A7914E262B308F680001C303 /* Project object */;
			proxyType = 1;
			remoteGlobalIDString = A7914E2D2B308F680001C303;
			remoteInfo = SwiftUI100Knock;
		};
/* End PBXContainerItemProxy section */

/* Begin PBXFileReference section */
		A7914E2E2B308F680001C303 /* SwiftUI100Knock.app */ = {isa = PBXFileReference; explicitFileType = wrapper.application; includeInIndex = 0; path = SwiftUI100Knock.app; sourceTree = BUILT_PRODUCTS_DIR; };
		A7914E312B308F680001C303 /* SwiftUI100KnockApp.swift */ = {isa = PBXFileReference; lastKnownFileType = sourcecode.swift; path = SwiftUI100KnockApp.swift; sourceTree = "<group>"; };
		A7914E332B308F680001C303 /* ContentView1.swift */ = {isa = PBXFileReference; lastKnownFileType = sourcecode.swift; path = ContentView1.swift; sourceTree = "<group>"; };
		A7914E352B308F680001C303 /* Item.swift */ = {isa = PBXFileReference; lastKnownFileType = sourcecode.swift; path = Item.swift; sourceTree = "<group>"; };
		A7914E372B308F6F0001C303 /* Assets.xcassets */ = {isa = PBXFileReference; lastKnownFileType = folder.assetcatalog; path = Assets.xcassets; sourceTree = "<group>"; };
		A7914E392B308F6F0001C303 /* SwiftUI100Knock.entitlements */ = {isa = PBXFileReference; lastKnownFileType = text.plist.entitlements; path = SwiftUI100Knock.entitlements; sourceTree = "<group>"; };
		A7914E3B2B308F6F0001C303 /* Preview Assets.xcassets */ = {isa = PBXFileReference; lastKnownFileType = folder.assetcatalog; path = "Preview Assets.xcassets"; sourceTree = "<group>"; };
		A7914E412B308F6F0001C303 /* SwiftUI100KnockTests.xctest */ = {isa = PBXFileReference; explicitFileType = wrapper.cfbundle; includeInIndex = 0; path = SwiftUI100KnockTests.xctest; sourceTree = BUILT_PRODUCTS_DIR; };
		A7914E452B308F6F0001C303 /* SwiftUI100KnockTests.swift */ = {isa = PBXFileReference; lastKnownFileType = sourcecode.swift; path = SwiftUI100KnockTests.swift; sourceTree = "<group>"; };
		A7914E4B2B308F6F0001C303 /* SwiftUI100KnockUITests.xctest */ = {isa = PBXFileReference; explicitFileType = wrapper.cfbundle; includeInIndex = 0; path = SwiftUI100KnockUITests.xctest; sourceTree = BUILT_PRODUCTS_DIR; };
		A7914E4F2B308F6F0001C303 /* SwiftUI100KnockUITests.swift */ = {isa = PBXFileReference; lastKnownFileType = sourcecode.swift; path = SwiftUI100KnockUITests.swift; sourceTree = "<group>"; };
		A7914E512B308F6F0001C303 /* SwiftUI100KnockUITestsLaunchTests.swift */ = {isa = PBXFileReference; lastKnownFileType = sourcecode.swift; path = SwiftUI100KnockUITestsLaunchTests.swift; sourceTree = "<group>"; };
		A7914E5E2B3478710001C303 /* ContentView2.swift */ = {isa = PBXFileReference; lastKnownFileType = sourcecode.swift; path = ContentView2.swift; sourceTree = "<group>"; };
		A7914E602B388FFA0001C303 /* ContentView3.swift */ = {isa = PBXFileReference; lastKnownFileType = sourcecode.swift; path = ContentView3.swift; sourceTree = "<group>"; };
		A7914E622B3890570001C303 /* ContentView4.swift */ = {isa = PBXFileReference; lastKnownFileType = sourcecode.swift; path = ContentView4.swift; sourceTree = "<group>"; };
		A7914E642B3F27610001C303 /* ContentView5.swift */ = {isa = PBXFileReference; lastKnownFileType = sourcecode.swift; path = ContentView5.swift; sourceTree = "<group>"; };
		A7914E662B3F2AAF0001C303 /* ContentView6.swift */ = {isa = PBXFileReference; lastKnownFileType = sourcecode.swift; path = ContentView6.swift; sourceTree = "<group>"; };
		A7914E682B401F910001C303 /* ContentView7.swift */ = {isa = PBXFileReference; lastKnownFileType = sourcecode.swift; path = ContentView7.swift; sourceTree = "<group>"; };
		A7914E6A2B4021700001C303 /* ContentView8.swift */ = {isa = PBXFileReference; lastKnownFileType = sourcecode.swift; path = ContentView8.swift; sourceTree = "<group>"; };
		A7914E6C2B4022C00001C303 /* ContentView9.swift */ = {isa = PBXFileReference; lastKnownFileType = sourcecode.swift; path = ContentView9.swift; sourceTree = "<group>"; };
		A7914E6E2B46E2440001C303 /* ContentView10.swift */ = {isa = PBXFileReference; lastKnownFileType = sourcecode.swift; path = ContentView10.swift; sourceTree = "<group>"; };
		A7914E702B49838B0001C303 /* ContentView11.swift */ = {isa = PBXFileReference; lastKnownFileType = sourcecode.swift; path = ContentView11.swift; sourceTree = "<group>"; };
		A7914E722B4984F10001C303 /* ContentView12.swift */ = {isa = PBXFileReference; lastKnownFileType = sourcecode.swift; path = ContentView12.swift; sourceTree = "<group>"; };
		A7914E742B4A76B80001C303 /* ContentView13.swift */ = {isa = PBXFileReference; lastKnownFileType = sourcecode.swift; path = ContentView13.swift; sourceTree = "<group>"; };
		A7914E762B4A7BC80001C303 /* ContentView14.swift */ = {isa = PBXFileReference; lastKnownFileType = sourcecode.swift; path = ContentView14.swift; sourceTree = "<group>"; };
		A7914E782B4BE12B0001C303 /* ContentView15.swift */ = {isa = PBXFileReference; lastKnownFileType = sourcecode.swift; path = ContentView15.swift; sourceTree = "<group>"; };
		A7914E7A2B4BEED10001C303 /* ContentView16.swift */ = {isa = PBXFileReference; lastKnownFileType = sourcecode.swift; path = ContentView16.swift; sourceTree = "<group>"; };
		A7914E7C2B4EE2730001C303 /* ContentView18.swift */ = {isa = PBXFileReference; lastKnownFileType = sourcecode.swift; path = ContentView18.swift; sourceTree = "<group>"; };
		A7914E7E2B540B880001C303 /* ContentView19.swift */ = {isa = PBXFileReference; lastKnownFileType = sourcecode.swift; path = ContentView19.swift; sourceTree = "<group>"; };
		A7914E822B582DD90001C303 /* ContentView20.swift */ = {isa = PBXFileReference; lastKnownFileType = sourcecode.swift; path = ContentView20.swift; sourceTree = "<group>"; };
		A7914E842B5981620001C303 /* ContentView21.swift */ = {isa = PBXFileReference; lastKnownFileType = sourcecode.swift; path = ContentView21.swift; sourceTree = "<group>"; };
		A7914E862B5EBE3A0001C303 /* ContentView22.swift */ = {isa = PBXFileReference; lastKnownFileType = sourcecode.swift; path = ContentView22.swift; sourceTree = "<group>"; };
		A7C785A52B7662B900C8F52C /* ContentView23.swift */ = {isa = PBXFileReference; lastKnownFileType = sourcecode.swift; path = ContentView23.swift; sourceTree = "<group>"; };
		A7C785A72B775DA500C8F52C /* ContentView24.swift */ = {isa = PBXFileReference; lastKnownFileType = sourcecode.swift; path = ContentView24.swift; sourceTree = "<group>"; };
		A7C785A92B77936B00C8F52C /* ContentView25.swift */ = {isa = PBXFileReference; lastKnownFileType = sourcecode.swift; path = ContentView25.swift; sourceTree = "<group>"; };
		A7C785AB2B7907E300C8F52C /* ContentView26.swift */ = {isa = PBXFileReference; lastKnownFileType = sourcecode.swift; path = ContentView26.swift; sourceTree = "<group>"; };
		A7C785AD2B878FFF00C8F52C /* ContentView27.swift */ = {isa = PBXFileReference; lastKnownFileType = sourcecode.swift; path = ContentView27.swift; sourceTree = "<group>"; };
		A7C785AF2B8790A900C8F52C /* ContentView27Next.swift */ = {isa = PBXFileReference; lastKnownFileType = sourcecode.swift; path = ContentView27Next.swift; sourceTree = "<group>"; };
		A7C785B12B8B4CA400C8F52C /* ContentView28.swift */ = {isa = PBXFileReference; lastKnownFileType = sourcecode.swift; path = ContentView28.swift; sourceTree = "<group>"; };
		A7C785B32B94CB7B00C8F52C /* ContentView29.swift */ = {isa = PBXFileReference; lastKnownFileType = sourcecode.swift; path = ContentView29.swift; sourceTree = "<group>"; };
/* End PBXFileReference section */

/* Begin PBXFrameworksBuildPhase section */
		A7914E2B2B308F680001C303 /* Frameworks */ = {
			isa = PBXFrameworksBuildPhase;
			buildActionMask = 2147483647;
			files = (
			);
			runOnlyForDeploymentPostprocessing = 0;
		};
		A7914E3E2B308F6F0001C303 /* Frameworks */ = {
			isa = PBXFrameworksBuildPhase;
			buildActionMask = 2147483647;
			files = (
			);
			runOnlyForDeploymentPostprocessing = 0;
		};
		A7914E482B308F6F0001C303 /* Frameworks */ = {
			isa = PBXFrameworksBuildPhase;
			buildActionMask = 2147483647;
			files = (
			);
			runOnlyForDeploymentPostprocessing = 0;
		};
/* End PBXFrameworksBuildPhase section */

/* Begin PBXGroup section */
		A7914E252B308F680001C303 = {
			isa = PBXGroup;
			children = (
				A7914E302B308F680001C303 /* SwiftUI100Knock */,
				A7914E442B308F6F0001C303 /* SwiftUI100KnockTests */,
				A7914E4E2B308F6F0001C303 /* SwiftUI100KnockUITests */,
				A7914E2F2B308F680001C303 /* Products */,
			);
			sourceTree = "<group>";
		};
		A7914E2F2B308F680001C303 /* Products */ = {
			isa = PBXGroup;
			children = (
				A7914E2E2B308F680001C303 /* SwiftUI100Knock.app */,
				A7914E412B308F6F0001C303 /* SwiftUI100KnockTests.xctest */,
				A7914E4B2B308F6F0001C303 /* SwiftUI100KnockUITests.xctest */,
			);
			name = Products;
			sourceTree = "<group>";
		};
		A7914E302B308F680001C303 /* SwiftUI100Knock */ = {
			isa = PBXGroup;
			children = (
				A7914E312B308F680001C303 /* SwiftUI100KnockApp.swift */,
				A7914E332B308F680001C303 /* ContentView1.swift */,
				A7914E5E2B3478710001C303 /* ContentView2.swift */,
				A7914E602B388FFA0001C303 /* ContentView3.swift */,
				A7914E622B3890570001C303 /* ContentView4.swift */,
				A7914E642B3F27610001C303 /* ContentView5.swift */,
				A7914E662B3F2AAF0001C303 /* ContentView6.swift */,
				A7914E682B401F910001C303 /* ContentView7.swift */,
				A7914E6A2B4021700001C303 /* ContentView8.swift */,
				A7914E6C2B4022C00001C303 /* ContentView9.swift */,
				A7914E6E2B46E2440001C303 /* ContentView10.swift */,
				A7914E702B49838B0001C303 /* ContentView11.swift */,
				A7914E722B4984F10001C303 /* ContentView12.swift */,
				A7914E742B4A76B80001C303 /* ContentView13.swift */,
				A7914E762B4A7BC80001C303 /* ContentView14.swift */,
				A7914E782B4BE12B0001C303 /* ContentView15.swift */,
				A7914E7A2B4BEED10001C303 /* ContentView16.swift */,
				A7914E7C2B4EE2730001C303 /* ContentView18.swift */,
				A7914E7E2B540B880001C303 /* ContentView19.swift */,
				A7914E822B582DD90001C303 /* ContentView20.swift */,
				A7914E842B5981620001C303 /* ContentView21.swift */,
				A7914E862B5EBE3A0001C303 /* ContentView22.swift */,
				A7C785A52B7662B900C8F52C /* ContentView23.swift */,
				A7C785A72B775DA500C8F52C /* ContentView24.swift */,
				A7C785A92B77936B00C8F52C /* ContentView25.swift */,
				A7C785AB2B7907E300C8F52C /* ContentView26.swift */,
				A7C785AD2B878FFF00C8F52C /* ContentView27.swift */,
				A7C785AF2B8790A900C8F52C /* ContentView27Next.swift */,
				A7C785B12B8B4CA400C8F52C /* ContentView28.swift */,
				A7C785B32B94CB7B00C8F52C /* ContentView29.swift */,
				A7914E352B308F680001C303 /* Item.swift */,
				A7914E372B308F6F0001C303 /* Assets.xcassets */,
				A7914E392B308F6F0001C303 /* SwiftUI100Knock.entitlements */,
				A7914E3A2B308F6F0001C303 /* Preview Content */,
			);
			path = SwiftUI100Knock;
			sourceTree = "<group>";
		};
		A7914E3A2B308F6F0001C303 /* Preview Content */ = {
			isa = PBXGroup;
			children = (
				A7914E3B2B308F6F0001C303 /* Preview Assets.xcassets */,
			);
			path = "Preview Content";
			sourceTree = "<group>";
		};
		A7914E442B308F6F0001C303 /* SwiftUI100KnockTests */ = {
			isa = PBXGroup;
			children = (
				A7914E452B308F6F0001C303 /* SwiftUI100KnockTests.swift */,
			);
			path = SwiftUI100KnockTests;
			sourceTree = "<group>";
		};
		A7914E4E2B308F6F0001C303 /* SwiftUI100KnockUITests */ = {
			isa = PBXGroup;
			children = (
				A7914E4F2B308F6F0001C303 /* SwiftUI100KnockUITests.swift */,
				A7914E512B308F6F0001C303 /* SwiftUI100KnockUITestsLaunchTests.swift */,
			);
			path = SwiftUI100KnockUITests;
			sourceTree = "<group>";
		};
/* End PBXGroup section */

/* Begin PBXNativeTarget section */
		A7914E2D2B308F680001C303 /* SwiftUI100Knock */ = {
			isa = PBXNativeTarget;
			buildConfigurationList = A7914E552B308F6F0001C303 /* Build configuration list for PBXNativeTarget "SwiftUI100Knock" */;
			buildPhases = (
				A7914E2A2B308F680001C303 /* Sources */,
				A7914E2B2B308F680001C303 /* Frameworks */,
				A7914E2C2B308F680001C303 /* Resources */,
			);
			buildRules = (
			);
			dependencies = (
			);
			name = SwiftUI100Knock;
			productName = SwiftUI100Knock;
			productReference = A7914E2E2B308F680001C303 /* SwiftUI100Knock.app */;
			productType = "com.apple.product-type.application";
		};
		A7914E402B308F6F0001C303 /* SwiftUI100KnockTests */ = {
			isa = PBXNativeTarget;
			buildConfigurationList = A7914E582B308F6F0001C303 /* Build configuration list for PBXNativeTarget "SwiftUI100KnockTests" */;
			buildPhases = (
				A7914E3D2B308F6F0001C303 /* Sources */,
				A7914E3E2B308F6F0001C303 /* Frameworks */,
				A7914E3F2B308F6F0001C303 /* Resources */,
			);
			buildRules = (
			);
			dependencies = (
				A7914E432B308F6F0001C303 /* PBXTargetDependency */,
			);
			name = SwiftUI100KnockTests;
			productName = SwiftUI100KnockTests;
			productReference = A7914E412B308F6F0001C303 /* SwiftUI100KnockTests.xctest */;
			productType = "com.apple.product-type.bundle.unit-test";
		};
		A7914E4A2B308F6F0001C303 /* SwiftUI100KnockUITests */ = {
			isa = PBXNativeTarget;
			buildConfigurationList = A7914E5B2B308F6F0001C303 /* Build configuration list for PBXNativeTarget "SwiftUI100KnockUITests" */;
			buildPhases = (
				A7914E472B308F6F0001C303 /* Sources */,
				A7914E482B308F6F0001C303 /* Frameworks */,
				A7914E492B308F6F0001C303 /* Resources */,
			);
			buildRules = (
			);
			dependencies = (
				A7914E4D2B308F6F0001C303 /* PBXTargetDependency */,
			);
			name = SwiftUI100KnockUITests;
			productName = SwiftUI100KnockUITests;
			productReference = A7914E4B2B308F6F0001C303 /* SwiftUI100KnockUITests.xctest */;
			productType = "com.apple.product-type.bundle.ui-testing";
		};
/* End PBXNativeTarget section */

/* Begin PBXProject section */
		A7914E262B308F680001C303 /* Project object */ = {
			isa = PBXProject;
			attributes = {
				BuildIndependentTargetsInParallel = 1;
				LastSwiftUpdateCheck = 1500;
				LastUpgradeCheck = 1500;
				TargetAttributes = {
					A7914E2D2B308F680001C303 = {
						CreatedOnToolsVersion = 15.0.1;
					};
					A7914E402B308F6F0001C303 = {
						CreatedOnToolsVersion = 15.0.1;
						TestTargetID = A7914E2D2B308F680001C303;
					};
					A7914E4A2B308F6F0001C303 = {
						CreatedOnToolsVersion = 15.0.1;
						TestTargetID = A7914E2D2B308F680001C303;
					};
				};
			};
			buildConfigurationList = A7914E292B308F680001C303 /* Build configuration list for PBXProject "SwiftUI100Knock" */;
			compatibilityVersion = "Xcode 14.0";
			developmentRegion = en;
			hasScannedForEncodings = 0;
			knownRegions = (
				en,
				Base,
			);
			mainGroup = A7914E252B308F680001C303;
			productRefGroup = A7914E2F2B308F680001C303 /* Products */;
			projectDirPath = "";
			projectRoot = "";
			targets = (
				A7914E2D2B308F680001C303 /* SwiftUI100Knock */,
				A7914E402B308F6F0001C303 /* SwiftUI100KnockTests */,
				A7914E4A2B308F6F0001C303 /* SwiftUI100KnockUITests */,
			);
		};
/* End PBXProject section */

/* Begin PBXResourcesBuildPhase section */
		A7914E2C2B308F680001C303 /* Resources */ = {
			isa = PBXResourcesBuildPhase;
			buildActionMask = 2147483647;
			files = (
				A7914E3C2B308F6F0001C303 /* Preview Assets.xcassets in Resources */,
				A7914E382B308F6F0001C303 /* Assets.xcassets in Resources */,
			);
			runOnlyForDeploymentPostprocessing = 0;
		};
		A7914E3F2B308F6F0001C303 /* Resources */ = {
			isa = PBXResourcesBuildPhase;
			buildActionMask = 2147483647;
			files = (
			);
			runOnlyForDeploymentPostprocessing = 0;
		};
		A7914E492B308F6F0001C303 /* Resources */ = {
			isa = PBXResourcesBuildPhase;
			buildActionMask = 2147483647;
			files = (
			);
			runOnlyForDeploymentPostprocessing = 0;
		};
/* End PBXResourcesBuildPhase section */

/* Begin PBXSourcesBuildPhase section */
		A7914E2A2B308F680001C303 /* Sources */ = {
			isa = PBXSourcesBuildPhase;
			buildActionMask = 2147483647;
			files = (
				A7914E342B308F680001C303 /* ContentView1.swift in Sources */,
				A7C785B02B8790A900C8F52C /* ContentView27Next.swift in Sources */,
				A7914E792B4BE12B0001C303 /* ContentView15.swift in Sources */,
				A7914E672B3F2AAF0001C303 /* ContentView6.swift in Sources */,
				A7914E5F2B3478710001C303 /* ContentView2.swift in Sources */,
				A7914E6B2B4021700001C303 /* ContentView8.swift in Sources */,
				A7914E362B308F680001C303 /* Item.swift in Sources */,
				A7914E632B3890570001C303 /* ContentView4.swift in Sources */,
				A7914E712B49838B0001C303 /* ContentView11.swift in Sources */,
				A7914E732B4984F10001C303 /* ContentView12.swift in Sources */,
				A7C785B22B8B4CA400C8F52C /* ContentView28.swift in Sources */,
				A7C785A62B7662B900C8F52C /* ContentView23.swift in Sources */,
				A7914E752B4A76B80001C303 /* ContentView13.swift in Sources */,
				A7914E872B5EBE3A0001C303 /* ContentView22.swift in Sources */,
				A7914E7F2B540B880001C303 /* ContentView19.swift in Sources */,
				A7C785AE2B878FFF00C8F52C /* ContentView27.swift in Sources */,
				A7914E772B4A7BC80001C303 /* ContentView14.swift in Sources */,
				A7C785AC2B7907E300C8F52C /* ContentView26.swift in Sources */,
				A7914E7B2B4BEED10001C303 /* ContentView16.swift in Sources */,
				A7914E612B388FFA0001C303 /* ContentView3.swift in Sources */,
				A7914E692B401F910001C303 /* ContentView7.swift in Sources */,
				A7C785B42B94CB7B00C8F52C /* ContentView29.swift in Sources */,
				A7914E832B582DD90001C303 /* ContentView20.swift in Sources */,
				A7914E6D2B4022C00001C303 /* ContentView9.swift in Sources */,
				A7C785AA2B77936B00C8F52C /* ContentView25.swift in Sources */,
				A7914E852B5981620001C303 /* ContentView21.swift in Sources */,
				A7914E6F2B46E2440001C303 /* ContentView10.swift in Sources */,
				A7914E7D2B4EE2730001C303 /* ContentView18.swift in Sources */,
				A7914E652B3F27610001C303 /* ContentView5.swift in Sources */,
				A7914E322B308F680001C303 /* SwiftUI100KnockApp.swift in Sources */,
				A7C785A82B775DA500C8F52C /* ContentView24.swift in Sources */,
			);
			runOnlyForDeploymentPostprocessing = 0;
		};
		A7914E3D2B308F6F0001C303 /* Sources */ = {
			isa = PBXSourcesBuildPhase;
			buildActionMask = 2147483647;
			files = (
				A7914E462B308F6F0001C303 /* SwiftUI100KnockTests.swift in Sources */,
			);
			runOnlyForDeploymentPostprocessing = 0;
		};
		A7914E472B308F6F0001C303 /* Sources */ = {
			isa = PBXSourcesBuildPhase;
			buildActionMask = 2147483647;
			files = (
				A7914E502B308F6F0001C303 /* SwiftUI100KnockUITests.swift in Sources */,
				A7914E522B308F6F0001C303 /* SwiftUI100KnockUITestsLaunchTests.swift in Sources */,
			);
			runOnlyForDeploymentPostprocessing = 0;
		};
/* End PBXSourcesBuildPhase section */

/* Begin PBXTargetDependency section */
		A7914E432B308F6F0001C303 /* PBXTargetDependency */ = {
			isa = PBXTargetDependency;
			target = A7914E2D2B308F680001C303 /* SwiftUI100Knock */;
			targetProxy = A7914E422B308F6F0001C303 /* PBXContainerItemProxy */;
		};
		A7914E4D2B308F6F0001C303 /* PBXTargetDependency */ = {
			isa = PBXTargetDependency;
			target = A7914E2D2B308F680001C303 /* SwiftUI100Knock */;
			targetProxy = A7914E4C2B308F6F0001C303 /* PBXContainerItemProxy */;
		};
/* End PBXTargetDependency section */

/* Begin XCBuildConfiguration section */
		A7914E532B308F6F0001C303 /* Debug */ = {
			isa = XCBuildConfiguration;
			buildSettings = {
				ALWAYS_SEARCH_USER_PATHS = NO;
				ASSETCATALOG_COMPILER_GENERATE_SWIFT_ASSET_SYMBOL_EXTENSIONS = YES;
				CLANG_ANALYZER_NONNULL = YES;
				CLANG_ANALYZER_NUMBER_OBJECT_CONVERSION = YES_AGGRESSIVE;
				CLANG_CXX_LANGUAGE_STANDARD = "gnu++20";
				CLANG_ENABLE_MODULES = YES;
				CLANG_ENABLE_OBJC_ARC = YES;
				CLANG_ENABLE_OBJC_WEAK = YES;
				CLANG_WARN_BLOCK_CAPTURE_AUTORELEASING = YES;
				CLANG_WARN_BOOL_CONVERSION = YES;
				CLANG_WARN_COMMA = YES;
				CLANG_WARN_CONSTANT_CONVERSION = YES;
				CLANG_WARN_DEPRECATED_OBJC_IMPLEMENTATIONS = YES;
				CLANG_WARN_DIRECT_OBJC_ISA_USAGE = YES_ERROR;
				CLANG_WARN_DOCUMENTATION_COMMENTS = YES;
				CLANG_WARN_EMPTY_BODY = YES;
				CLANG_WARN_ENUM_CONVERSION = YES;
				CLANG_WARN_INFINITE_RECURSION = YES;
				CLANG_WARN_INT_CONVERSION = YES;
				CLANG_WARN_NON_LITERAL_NULL_CONVERSION = YES;
				CLANG_WARN_OBJC_IMPLICIT_RETAIN_SELF = YES;
				CLANG_WARN_OBJC_LITERAL_CONVERSION = YES;
				CLANG_WARN_OBJC_ROOT_CLASS = YES_ERROR;
				CLANG_WARN_QUOTED_INCLUDE_IN_FRAMEWORK_HEADER = YES;
				CLANG_WARN_RANGE_LOOP_ANALYSIS = YES;
				CLANG_WARN_STRICT_PROTOTYPES = YES;
				CLANG_WARN_SUSPICIOUS_MOVE = YES;
				CLANG_WARN_UNGUARDED_AVAILABILITY = YES_AGGRESSIVE;
				CLANG_WARN_UNREACHABLE_CODE = YES;
				CLANG_WARN__DUPLICATE_METHOD_MATCH = YES;
				COPY_PHASE_STRIP = NO;
				DEBUG_INFORMATION_FORMAT = dwarf;
				ENABLE_STRICT_OBJC_MSGSEND = YES;
				ENABLE_TESTABILITY = YES;
				ENABLE_USER_SCRIPT_SANDBOXING = YES;
				GCC_C_LANGUAGE_STANDARD = gnu17;
				GCC_DYNAMIC_NO_PIC = NO;
				GCC_NO_COMMON_BLOCKS = YES;
				GCC_OPTIMIZATION_LEVEL = 0;
				GCC_PREPROCESSOR_DEFINITIONS = (
					"DEBUG=1",
					"$(inherited)",
				);
				GCC_WARN_64_TO_32_BIT_CONVERSION = YES;
				GCC_WARN_ABOUT_RETURN_TYPE = YES_ERROR;
				GCC_WARN_UNDECLARED_SELECTOR = YES;
				GCC_WARN_UNINITIALIZED_AUTOS = YES_AGGRESSIVE;
				GCC_WARN_UNUSED_FUNCTION = YES;
				GCC_WARN_UNUSED_VARIABLE = YES;
				LOCALIZATION_PREFERS_STRING_CATALOGS = YES;
				MTL_ENABLE_DEBUG_INFO = INCLUDE_SOURCE;
				MTL_FAST_MATH = YES;
				ONLY_ACTIVE_ARCH = YES;
				SWIFT_ACTIVE_COMPILATION_CONDITIONS = "DEBUG $(inherited)";
				SWIFT_OPTIMIZATION_LEVEL = "-Onone";
			};
			name = Debug;
		};
		A7914E542B308F6F0001C303 /* Release */ = {
			isa = XCBuildConfiguration;
			buildSettings = {
				ALWAYS_SEARCH_USER_PATHS = NO;
				ASSETCATALOG_COMPILER_GENERATE_SWIFT_ASSET_SYMBOL_EXTENSIONS = YES;
				CLANG_ANALYZER_NONNULL = YES;
				CLANG_ANALYZER_NUMBER_OBJECT_CONVERSION = YES_AGGRESSIVE;
				CLANG_CXX_LANGUAGE_STANDARD = "gnu++20";
				CLANG_ENABLE_MODULES = YES;
				CLANG_ENABLE_OBJC_ARC = YES;
				CLANG_ENABLE_OBJC_WEAK = YES;
				CLANG_WARN_BLOCK_CAPTURE_AUTORELEASING = YES;
				CLANG_WARN_BOOL_CONVERSION = YES;
				CLANG_WARN_COMMA = YES;
				CLANG_WARN_CONSTANT_CONVERSION = YES;
				CLANG_WARN_DEPRECATED_OBJC_IMPLEMENTATIONS = YES;
				CLANG_WARN_DIRECT_OBJC_ISA_USAGE = YES_ERROR;
				CLANG_WARN_DOCUMENTATION_COMMENTS = YES;
				CLANG_WARN_EMPTY_BODY = YES;
				CLANG_WARN_ENUM_CONVERSION = YES;
				CLANG_WARN_INFINITE_RECURSION = YES;
				CLANG_WARN_INT_CONVERSION = YES;
				CLANG_WARN_NON_LITERAL_NULL_CONVERSION = YES;
				CLANG_WARN_OBJC_IMPLICIT_RETAIN_SELF = YES;
				CLANG_WARN_OBJC_LITERAL_CONVERSION = YES;
				CLANG_WARN_OBJC_ROOT_CLASS = YES_ERROR;
				CLANG_WARN_QUOTED_INCLUDE_IN_FRAMEWORK_HEADER = YES;
				CLANG_WARN_RANGE_LOOP_ANALYSIS = YES;
				CLANG_WARN_STRICT_PROTOTYPES = YES;
				CLANG_WARN_SUSPICIOUS_MOVE = YES;
				CLANG_WARN_UNGUARDED_AVAILABILITY = YES_AGGRESSIVE;
				CLANG_WARN_UNREACHABLE_CODE = YES;
				CLANG_WARN__DUPLICATE_METHOD_MATCH = YES;
				COPY_PHASE_STRIP = NO;
				DEBUG_INFORMATION_FORMAT = "dwarf-with-dsym";
				ENABLE_NS_ASSERTIONS = NO;
				ENABLE_STRICT_OBJC_MSGSEND = YES;
				ENABLE_USER_SCRIPT_SANDBOXING = YES;
				GCC_C_LANGUAGE_STANDARD = gnu17;
				GCC_NO_COMMON_BLOCKS = YES;
				GCC_WARN_64_TO_32_BIT_CONVERSION = YES;
				GCC_WARN_ABOUT_RETURN_TYPE = YES_ERROR;
				GCC_WARN_UNDECLARED_SELECTOR = YES;
				GCC_WARN_UNINITIALIZED_AUTOS = YES_AGGRESSIVE;
				GCC_WARN_UNUSED_FUNCTION = YES;
				GCC_WARN_UNUSED_VARIABLE = YES;
				LOCALIZATION_PREFERS_STRING_CATALOGS = YES;
				MTL_ENABLE_DEBUG_INFO = NO;
				MTL_FAST_MATH = YES;
				SWIFT_COMPILATION_MODE = wholemodule;
			};
			name = Release;
		};
		A7914E562B308F6F0001C303 /* Debug */ = {
			isa = XCBuildConfiguration;
			buildSettings = {
				ASSETCATALOG_COMPILER_APPICON_NAME = AppIcon;
				ASSETCATALOG_COMPILER_GLOBAL_ACCENT_COLOR_NAME = AccentColor;
				CODE_SIGN_ENTITLEMENTS = SwiftUI100Knock/SwiftUI100Knock.entitlements;
				CODE_SIGN_STYLE = Automatic;
				CURRENT_PROJECT_VERSION = 1;
				DEVELOPMENT_ASSET_PATHS = "\"SwiftUI100Knock/Preview Content\"";
				DEVELOPMENT_TEAM = D9EG27PSKV;
				ENABLE_HARDENED_RUNTIME = YES;
				ENABLE_PREVIEWS = YES;
				GENERATE_INFOPLIST_FILE = YES;
				"INFOPLIST_KEY_UIApplicationSceneManifest_Generation[sdk=iphoneos*]" = YES;
				"INFOPLIST_KEY_UIApplicationSceneManifest_Generation[sdk=iphonesimulator*]" = YES;
				"INFOPLIST_KEY_UIApplicationSupportsIndirectInputEvents[sdk=iphoneos*]" = YES;
				"INFOPLIST_KEY_UIApplicationSupportsIndirectInputEvents[sdk=iphonesimulator*]" = YES;
				"INFOPLIST_KEY_UILaunchScreen_Generation[sdk=iphoneos*]" = YES;
				"INFOPLIST_KEY_UILaunchScreen_Generation[sdk=iphonesimulator*]" = YES;
				"INFOPLIST_KEY_UIStatusBarStyle[sdk=iphoneos*]" = UIStatusBarStyleDefault;
				"INFOPLIST_KEY_UIStatusBarStyle[sdk=iphonesimulator*]" = UIStatusBarStyleDefault;
				INFOPLIST_KEY_UISupportedInterfaceOrientations_iPad = "UIInterfaceOrientationPortrait UIInterfaceOrientationPortraitUpsideDown UIInterfaceOrientationLandscapeLeft UIInterfaceOrientationLandscapeRight";
				INFOPLIST_KEY_UISupportedInterfaceOrientations_iPhone = "UIInterfaceOrientationPortrait UIInterfaceOrientationLandscapeLeft UIInterfaceOrientationLandscapeRight";
				IPHONEOS_DEPLOYMENT_TARGET = 17.0;
				LD_RUNPATH_SEARCH_PATHS = "@executable_path/Frameworks";
				"LD_RUNPATH_SEARCH_PATHS[sdk=macosx*]" = "@executable_path/../Frameworks";
				MACOSX_DEPLOYMENT_TARGET = 14.0;
				MARKETING_VERSION = 1.0;
				PRODUCT_BUNDLE_IDENTIFIER = mai.matsui.SwiftUI100Knock;
				PRODUCT_NAME = "$(TARGET_NAME)";
				SDKROOT = auto;
				SUPPORTED_PLATFORMS = "iphoneos iphonesimulator";
				SUPPORTS_MACCATALYST = NO;
				SWIFT_EMIT_LOC_STRINGS = YES;
				SWIFT_VERSION = 5.0;
				TARGETED_DEVICE_FAMILY = "1,2";
			};
			name = Debug;
		};
		A7914E572B308F6F0001C303 /* Release */ = {
			isa = XCBuildConfiguration;
			buildSettings = {
				ASSETCATALOG_COMPILER_APPICON_NAME = AppIcon;
				ASSETCATALOG_COMPILER_GLOBAL_ACCENT_COLOR_NAME = AccentColor;
				CODE_SIGN_ENTITLEMENTS = SwiftUI100Knock/SwiftUI100Knock.entitlements;
				CODE_SIGN_STYLE = Automatic;
				CURRENT_PROJECT_VERSION = 1;
				DEVELOPMENT_ASSET_PATHS = "\"SwiftUI100Knock/Preview Content\"";
				DEVELOPMENT_TEAM = D9EG27PSKV;
				ENABLE_HARDENED_RUNTIME = YES;
				ENABLE_PREVIEWS = YES;
				GENERATE_INFOPLIST_FILE = YES;
				"INFOPLIST_KEY_UIApplicationSceneManifest_Generation[sdk=iphoneos*]" = YES;
				"INFOPLIST_KEY_UIApplicationSceneManifest_Generation[sdk=iphonesimulator*]" = YES;
				"INFOPLIST_KEY_UIApplicationSupportsIndirectInputEvents[sdk=iphoneos*]" = YES;
				"INFOPLIST_KEY_UIApplicationSupportsIndirectInputEvents[sdk=iphonesimulator*]" = YES;
				"INFOPLIST_KEY_UILaunchScreen_Generation[sdk=iphoneos*]" = YES;
				"INFOPLIST_KEY_UILaunchScreen_Generation[sdk=iphonesimulator*]" = YES;
				"INFOPLIST_KEY_UIStatusBarStyle[sdk=iphoneos*]" = UIStatusBarStyleDefault;
				"INFOPLIST_KEY_UIStatusBarStyle[sdk=iphonesimulator*]" = UIStatusBarStyleDefault;
				INFOPLIST_KEY_UISupportedInterfaceOrientations_iPad = "UIInterfaceOrientationPortrait UIInterfaceOrientationPortraitUpsideDown UIInterfaceOrientationLandscapeLeft UIInterfaceOrientationLandscapeRight";
				INFOPLIST_KEY_UISupportedInterfaceOrientations_iPhone = "UIInterfaceOrientationPortrait UIInterfaceOrientationLandscapeLeft UIInterfaceOrientationLandscapeRight";
				IPHONEOS_DEPLOYMENT_TARGET = 17.0;
				LD_RUNPATH_SEARCH_PATHS = "@executable_path/Frameworks";
				"LD_RUNPATH_SEARCH_PATHS[sdk=macosx*]" = "@executable_path/../Frameworks";
				MACOSX_DEPLOYMENT_TARGET = 14.0;
				MARKETING_VERSION = 1.0;
				PRODUCT_BUNDLE_IDENTIFIER = mai.matsui.SwiftUI100Knock;
				PRODUCT_NAME = "$(TARGET_NAME)";
				SDKROOT = auto;
				SUPPORTED_PLATFORMS = "iphoneos iphonesimulator";
				SUPPORTS_MACCATALYST = NO;
				SWIFT_EMIT_LOC_STRINGS = YES;
				SWIFT_VERSION = 5.0;
				TARGETED_DEVICE_FAMILY = "1,2";
			};
			name = Release;
		};
		A7914E592B308F6F0001C303 /* Debug */ = {
			isa = XCBuildConfiguration;
			buildSettings = {
				ALWAYS_EMBED_SWIFT_STANDARD_LIBRARIES = YES;
				BUNDLE_LOADER = "$(TEST_HOST)";
				CODE_SIGN_STYLE = Automatic;
				CURRENT_PROJECT_VERSION = 1;
				DEVELOPMENT_TEAM = D9EG27PSKV;
				GENERATE_INFOPLIST_FILE = YES;
				IPHONEOS_DEPLOYMENT_TARGET = 17.0;
				MACOSX_DEPLOYMENT_TARGET = 14.0;
				MARKETING_VERSION = 1.0;
				PRODUCT_BUNDLE_IDENTIFIER = mai.matsui.SwiftUI100KnockTests;
				PRODUCT_NAME = "$(TARGET_NAME)";
				SDKROOT = auto;
				SUPPORTED_PLATFORMS = "iphoneos iphonesimulator macosx";
				SWIFT_EMIT_LOC_STRINGS = NO;
				SWIFT_VERSION = 5.0;
				TARGETED_DEVICE_FAMILY = "1,2";
				TEST_HOST = "$(BUILT_PRODUCTS_DIR)/SwiftUI100Knock.app/$(BUNDLE_EXECUTABLE_FOLDER_PATH)/SwiftUI100Knock";
			};
			name = Debug;
		};
		A7914E5A2B308F6F0001C303 /* Release */ = {
			isa = XCBuildConfiguration;
			buildSettings = {
				ALWAYS_EMBED_SWIFT_STANDARD_LIBRARIES = YES;
				BUNDLE_LOADER = "$(TEST_HOST)";
				CODE_SIGN_STYLE = Automatic;
				CURRENT_PROJECT_VERSION = 1;
				DEVELOPMENT_TEAM = D9EG27PSKV;
				GENERATE_INFOPLIST_FILE = YES;
				IPHONEOS_DEPLOYMENT_TARGET = 17.0;
				MACOSX_DEPLOYMENT_TARGET = 14.0;
				MARKETING_VERSION = 1.0;
				PRODUCT_BUNDLE_IDENTIFIER = mai.matsui.SwiftUI100KnockTests;
				PRODUCT_NAME = "$(TARGET_NAME)";
				SDKROOT = auto;
				SUPPORTED_PLATFORMS = "iphoneos iphonesimulator macosx";
				SWIFT_EMIT_LOC_STRINGS = NO;
				SWIFT_VERSION = 5.0;
				TARGETED_DEVICE_FAMILY = "1,2";
				TEST_HOST = "$(BUILT_PRODUCTS_DIR)/SwiftUI100Knock.app/$(BUNDLE_EXECUTABLE_FOLDER_PATH)/SwiftUI100Knock";
			};
			name = Release;
		};
		A7914E5C2B308F6F0001C303 /* Debug */ = {
			isa = XCBuildConfiguration;
			buildSettings = {
				ALWAYS_EMBED_SWIFT_STANDARD_LIBRARIES = YES;
				CODE_SIGN_STYLE = Automatic;
				CURRENT_PROJECT_VERSION = 1;
				DEVELOPMENT_TEAM = D9EG27PSKV;
				GENERATE_INFOPLIST_FILE = YES;
				IPHONEOS_DEPLOYMENT_TARGET = 17.0;
				MACOSX_DEPLOYMENT_TARGET = 14.0;
				MARKETING_VERSION = 1.0;
				PRODUCT_BUNDLE_IDENTIFIER = mai.matsui.SwiftUI100KnockUITests;
				PRODUCT_NAME = "$(TARGET_NAME)";
				SDKROOT = auto;
				SUPPORTED_PLATFORMS = "iphoneos iphonesimulator macosx";
				SWIFT_EMIT_LOC_STRINGS = NO;
				SWIFT_VERSION = 5.0;
				TARGETED_DEVICE_FAMILY = "1,2";
				TEST_TARGET_NAME = SwiftUI100Knock;
			};
			name = Debug;
		};
		A7914E5D2B308F6F0001C303 /* Release */ = {
			isa = XCBuildConfiguration;
			buildSettings = {
				ALWAYS_EMBED_SWIFT_STANDARD_LIBRARIES = YES;
				CODE_SIGN_STYLE = Automatic;
				CURRENT_PROJECT_VERSION = 1;
				DEVELOPMENT_TEAM = D9EG27PSKV;
				GENERATE_INFOPLIST_FILE = YES;
				IPHONEOS_DEPLOYMENT_TARGET = 17.0;
				MACOSX_DEPLOYMENT_TARGET = 14.0;
				MARKETING_VERSION = 1.0;
				PRODUCT_BUNDLE_IDENTIFIER = mai.matsui.SwiftUI100KnockUITests;
				PRODUCT_NAME = "$(TARGET_NAME)";
				SDKROOT = auto;
				SUPPORTED_PLATFORMS = "iphoneos iphonesimulator macosx";
				SWIFT_EMIT_LOC_STRINGS = NO;
				SWIFT_VERSION = 5.0;
				TARGETED_DEVICE_FAMILY = "1,2";
				TEST_TARGET_NAME = SwiftUI100Knock;
			};
			name = Release;
		};
/* End XCBuildConfiguration section */

/* Begin XCConfigurationList section */
		A7914E292B308F680001C303 /* Build configuration list for PBXProject "SwiftUI100Knock" */ = {
			isa = XCConfigurationList;
			buildConfigurations = (
				A7914E532B308F6F0001C303 /* Debug */,
				A7914E542B308F6F0001C303 /* Release */,
			);
			defaultConfigurationIsVisible = 0;
			defaultConfigurationName = Release;
		};
		A7914E552B308F6F0001C303 /* Build configuration list for PBXNativeTarget "SwiftUI100Knock" */ = {
			isa = XCConfigurationList;
			buildConfigurations = (
				A7914E562B308F6F0001C303 /* Debug */,
				A7914E572B308F6F0001C303 /* Release */,
			);
			defaultConfigurationIsVisible = 0;
			defaultConfigurationName = Release;
		};
		A7914E582B308F6F0001C303 /* Build configuration list for PBXNativeTarget "SwiftUI100KnockTests" */ = {
			isa = XCConfigurationList;
			buildConfigurations = (
				A7914E592B308F6F0001C303 /* Debug */,
				A7914E5A2B308F6F0001C303 /* Release */,
			);
			defaultConfigurationIsVisible = 0;
			defaultConfigurationName = Release;
		};
		A7914E5B2B308F6F0001C303 /* Build configuration list for PBXNativeTarget "SwiftUI100KnockUITests" */ = {
			isa = XCConfigurationList;
			buildConfigurations = (
				A7914E5C2B308F6F0001C303 /* Debug */,
				A7914E5D2B308F6F0001C303 /* Release */,
			);
			defaultConfigurationIsVisible = 0;
			defaultConfigurationName = Release;
		};
/* End XCConfigurationList section */
	};
	rootObject = A7914E262B308F680001C303 /* Project object */;
}
